
Microsoft Visual Studio Solution File, Format Version 12.00
# Visual Studio Version 16
VisualStudioVersion = 16.0.29009.5
MinimumVisualStudioVersion = 10.0.40219.1
Project("{2150E333-8FDC-42A3-9474-1A3956D46DE8}") = ".paket", ".paket", "{B7FB3383-EF19-4645-986C-72D50C08F292}"
	ProjectSection(SolutionItems) = preProject
		paket.dependencies = paket.dependencies
	EndProjectSection
EndProject
Project("{F2A71F9B-5D33-465A-A702-920D77279786}") = "Hype", "src\Hype\Hype.fsproj", "{C923664D-182E-48D5-BB30-F1505D7D28DF}"
EndProject
Project("{2150E333-8FDC-42A3-9474-1A3956D46DE8}") = "docs", "docs", "{56DA870A-0ED4-47A2-B78B-34A8D4D6AD28}"
	ProjectSection(SolutionItems) = preProject
		docs\BuildDocs.fsx = docs\BuildDocs.fsx
		docs\input\download.fsx = docs\input\download.fsx
		docs\input\FeedforwardNets.fsx = docs\input\FeedforwardNets.fsx
		docs\input\HMC.fsx = docs\input\HMC.fsx
		docs\input\index.fsx = docs\input\index.fsx
		docs\input\Optimization.fsx = docs\input\Optimization.fsx
		docs\input\RecurrentNets.fsx = docs\input\RecurrentNets.fsx
		docs\input\Regression.fsx = docs\input\Regression.fsx
		docs\input\Training.fsx = docs\input\Training.fsx
	EndProjectSection
EndProject
Global
	GlobalSection(SolutionConfigurationPlatforms) = preSolution
		Debug|Any CPU = Debug|Any CPU
		Debug|x64 = Debug|x64
		Release|Any CPU = Release|Any CPU
		Release|x64 = Release|x64
	EndGlobalSection
	GlobalSection(ProjectConfigurationPlatforms) = postSolution
		{C923664D-182E-48D5-BB30-F1505D7D28DF}.Debug|Any CPU.ActiveCfg = Debug|Any CPU
		{C923664D-182E-48D5-BB30-F1505D7D28DF}.Debug|Any CPU.Build.0 = Debug|Any CPU
		{C923664D-182E-48D5-BB30-F1505D7D28DF}.Debug|x64.ActiveCfg = Debug|Any CPU
		{C923664D-182E-48D5-BB30-F1505D7D28DF}.Debug|x64.Build.0 = Debug|Any CPU
		{C923664D-182E-48D5-BB30-F1505D7D28DF}.Release|Any CPU.ActiveCfg = Release|Any CPU
		{C923664D-182E-48D5-BB30-F1505D7D28DF}.Release|Any CPU.Build.0 = Release|Any CPU
		{C923664D-182E-48D5-BB30-F1505D7D28DF}.Release|x64.ActiveCfg = Release|Any CPU
		{C923664D-182E-48D5-BB30-F1505D7D28DF}.Release|x64.Build.0 = Release|Any CPU
	EndGlobalSection
	GlobalSection(SolutionProperties) = preSolution
		HideSolutionNode = FALSE
	EndGlobalSection
	GlobalSection(ExtensibilityGlobals) = postSolution
		SolutionGuid = {028AF435-B43C-4E8E-8A82-4A65AF666086}
	EndGlobalSection
EndGlobal
